version = 1
revision = 3
requires-python = ">=3.9"

[[package]]
name = "pg-usaddress"
version = "0.1.0"
source = { virtual = "." }
dependencies = [
    { name = "python-crfsuite" },
]

[package.metadata]
requires-dist = [{ name = "python-crfsuite", specifier = ">=0.9.11" }]

[[package]]
name = "python-crfsuite"
version = "0.9.11"
source = { registry = "https://pypi.org/simple" }
sdist = { url = "https://files.pythonhosted.org/packages/ea/17/9c64a2486de27fce7570c366eb723fd7a39dd7845119ee8fdd5051023671/python_crfsuite-0.9.11.tar.gz", hash = "sha256:6eff965ca70567396d822c9a35ea74b0f7edb27d9471524997bdabe7a6da5f5a", size = 477721, upload-time = "2024-10-02T13:01:16.646Z" }
wheels = [
    { url = "https://files.pythonhosted.org/packages/cb/74/6335c271196db419c77ddfb19c04abe40fee45921faca96c150bfc51f176/python_crfsuite-0.9.11-cp310-cp310-macosx_11_0_arm64.whl", hash = "sha256:2f5ed569517e7b1fa3d32cf5d5cbe2fb6c85486195bf5cad03d52072fef7aa8a", size = 319014, upload-time = "2024-10-02T12:59:52.622Z" },
    { url = "https://files.pythonhosted.org/packages/38/32/b2986996b4be2edeb13b62b5115aa042250f5da87edd3f8db4d71d6d1457/python_crfsuite-0.9.11-cp310-cp310-manylinux_2_12_i686.manylinux2010_i686.manylinux_2_17_i686.manylinux2014_i686.whl", hash = "sha256:aed10ee4334c99173940e88318d312a4f9e70ba653b8ac0e6f3ef816431af811", size = 1183446, upload-time = "2024-10-02T12:59:54.601Z" },
    { url = "https://files.pythonhosted.org/packages/5f/46/bea59e70e382aeeb1cd47e04868ce3bcec622968af4b01b24b272d8050ad/python_crfsuite-0.9.11-cp310-cp310-manylinux_2_17_aarch64.manylinux2014_aarch64.whl", hash = "sha256:4fd8cc52f853436bbed580ad6c17e37c3657466fdfa28ddc55efcbba28b92cdf", size = 1215316, upload-time = "2024-10-02T12:59:55.891Z" },
    { url = "https://files.pythonhosted.org/packages/4d/ba/f4c169ce26689ddf4eb92effb4b15dafbb52622302f15a67492c680f3e0c/python_crfsuite-0.9.11-cp310-cp310-manylinux_2_17_x86_64.manylinux2014_x86_64.whl", hash = "sha256:182fad0415697d5acbe18364333f8255016c8609d570cba78c20d8d71a392f90", size = 1232601, upload-time = "2024-10-02T12:59:57.495Z" },
    { url = "https://files.pythonhosted.org/packages/54/cb/b38bd20df2274570275dc97515f7cf8475ef8ffc50bc6d9dffaafd9a8600/python_crfsuite-0.9.11-cp310-cp310-musllinux_1_2_aarch64.whl", hash = "sha256:05cd988aaa7ac87a54d4bd1d756455f6e3b078f07b4fcbda3bccfd91a784dd20", size = 2103655, upload-time = "2024-10-02T12:59:59.181Z" },
    { url = "https://files.pythonhosted.org/packages/fa/d0/16f0d8bcc284afb197a22cc923c5cbd219b12ee1482c3ebb237bee48f957/python_crfsuite-0.9.11-cp310-cp310-musllinux_1_2_i686.whl", hash = "sha256:2dead957809b92b7f0fc4c03fc70af9cbcaf35518ff1fd3a3fe2862dd0bb52fa", size = 2250127, upload-time = "2024-10-02T13:00:00.615Z" },
    { url = "https://files.pythonhosted.org/packages/51/0e/8ab90bfc316ff326588f6bbbb2eef1776ca11e91e22ab4eaced483b8f774/python_crfsuite-0.9.11-cp310-cp310-musllinux_1_2_x86_64.whl", hash = "sha256:66f24e5281b8a10091c3a9eef5a85115aea9570bcb9e0c03c738b0eab7070cb5", size = 2191878, upload-time = "2024-10-02T13:00:02.441Z" },
    { url = "https://files.pythonhosted.org/packages/5d/84/52e622fed7335a97dbabf7cc577feefa92001d3d39135d3ddaef998bf929/python_crfsuite-0.9.11-cp310-cp310-win32.whl", hash = "sha256:b5a9492686e3dde5739ea19a3ec37397eb7cff787362e403a411acb6431aaf84", size = 280885, upload-time = "2024-10-02T13:00:04.186Z" },
    { url = "https://files.pythonhosted.org/packages/13/7a/def271af273f5b15052fa0ce8f80811b2486c47dc7c718971418b58c8ce2/python_crfsuite-0.9.11-cp310-cp310-win_amd64.whl", hash = "sha256:d2c361819ba331c48038f1b231b8863b886205e9decae2fb89f69da44b28d00a", size = 301530, upload-time = "2024-10-02T13:00:05.749Z" },
    { url = "https://files.pythonhosted.org/packages/bc/32/743048adf41ba3ebc4d82deed5d4a336164dc0066ef83b28d2a4b1979d66/python_crfsuite-0.9.11-cp311-cp311-macosx_11_0_arm64.whl", hash = "sha256:4a2f2ff5b6b0b6cf72ee476436f3926ccd0045c97e7703478a025c9badd180c6", size = 319684, upload-time = "2024-10-02T13:00:07.376Z" },
    { url = "https://files.pythonhosted.org/packages/f0/12/99235a88e786a4f2874cb9b416b53edc778719c2d27843c2727e7233bbaa/python_crfsuite-0.9.11-cp311-cp311-manylinux_2_12_i686.manylinux2010_i686.manylinux_2_17_i686.manylinux2014_i686.whl", hash = "sha256:83bc133fc2a411144778bb03d56a95f88a4da0386462fb99d32b45428959101f", size = 1211479, upload-time = "2024-10-02T13:00:08.624Z" },
    { url = "https://files.pythonhosted.org/packages/a5/7f/8da1653440925627f1e2730a2a8f048f9e84e644a95a6324f7cce5b0e324/python_crfsuite-0.9.11-cp311-cp311-manylinux_2_17_aarch64.manylinux2014_aarch64.whl", hash = "sha256:4d5e52bfe54c1cb94009f1edb9c1dec3fe6d31823c60fafee04d63354c342303", size = 1244805, upload-time = "2024-10-02T13:00:10.406Z" },
    { url = "https://files.pythonhosted.org/packages/34/43/07221382ab31f3fd8d648c1421b240a332cc64ad7f89af275101ce9e5bad/python_crfsuite-0.9.11-cp311-cp311-manylinux_2_17_x86_64.manylinux2014_x86_64.whl", hash = "sha256:a23a96dc9a25a0d143430236158ca0d836b94a26d5752ffdf7efe315c14045f5", size = 1261854, upload-time = "2024-10-02T13:00:11.94Z" },
    { url = "https://files.pythonhosted.org/packages/45/e7/ac1d92ce9951401d71116526d76100a7ed3a1717dfbb2bfc0e9195d5ef09/python_crfsuite-0.9.11-cp311-cp311-musllinux_1_2_aarch64.whl", hash = "sha256:dd95a8ab9d92ac6756c17dde8150d7edcc696e49b4ca5f537e347143d19c94bc", size = 2139166, upload-time = "2024-10-02T13:00:13.789Z" },
    { url = "https://files.pythonhosted.org/packages/bd/d8/a4e799f6126a7b8bafe3896472065985c99d32a68dd9bba29885e1c3c56c/python_crfsuite-0.9.11-cp311-cp311-musllinux_1_2_i686.whl", hash = "sha256:800fd345f2eb822d574eeaa6099bb88a23942272f62ea3e182e8ec07f4cf5ca8", size = 2282077, upload-time = "2024-10-02T13:00:15.116Z" },
    { url = "https://files.pythonhosted.org/packages/a7/0e/8f66fe63a751edd4ab1036af5276334e111a43d7cc939c57cd04090416d4/python_crfsuite-0.9.11-cp311-cp311-musllinux_1_2_x86_64.whl", hash = "sha256:4c17dc2c5ac63d10993afbab0288bb1949e4ac856361c83e8041fff4493d7dab", size = 2225963, upload-time = "2024-10-02T13:00:16.664Z" },
    { url = "https://files.pythonhosted.org/packages/50/57/8d58d869a41715fbefe6d4fcf62a483e76f223716f44583df7d2ac0a05fe/python_crfsuite-0.9.11-cp311-cp311-win32.whl", hash = "sha256:9a00f1f32203d9cb66658df75ee62ce4809b24f26b982b7f482934a683abc96c", size = 280872, upload-time = "2024-10-02T13:00:17.87Z" },
    { url = "https://files.pythonhosted.org/packages/f3/4c/2aabe6f3c06a6e62fb4d80d0ed224e3d813b7fc5bc7d9aba52e724639268/python_crfsuite-0.9.11-cp311-cp311-win_amd64.whl", hash = "sha256:d255f02c890628337c970d76cba787afb7991340b3a7b201d3a158add5f78989", size = 301866, upload-time = "2024-10-02T13:00:19.33Z" },
    { url = "https://files.pythonhosted.org/packages/22/e2/1fafca9ea7a964bbc4a8a91351acb1f46c17c63e9aa766a22a59b0a14aa0/python_crfsuite-0.9.11-cp312-cp312-macosx_11_0_arm64.whl", hash = "sha256:346a37d1ffa9f161d56c523d2386eaa5026c663e70f65db4478adb292d7c047c", size = 319874, upload-time = "2024-10-02T13:00:20.921Z" },
    { url = "https://files.pythonhosted.org/packages/43/3f/1d954edbef65a0d2b9fe71a974973aaace5f617ab3276f50b995ea1ea198/python_crfsuite-0.9.11-cp312-cp312-manylinux_2_12_i686.manylinux2010_i686.manylinux_2_17_i686.manylinux2014_i686.whl", hash = "sha256:bec40a7924d2e79a06f8eb0cec613ade54d677b73c4041c6052cd890aca2db89", size = 1200041, upload-time = "2024-10-02T13:00:22.526Z" },
    { url = "https://files.pythonhosted.org/packages/49/77/069c75217707c0727944293571bccb90642269990abfac76427b3446c275/python_crfsuite-0.9.11-cp312-cp312-manylinux_2_17_aarch64.manylinux2014_aarch64.whl", hash = "sha256:7c5b3836e8ee8d684fb9d76d287035db51039b30cadac3332664655acf970831", size = 1234277, upload-time = "2024-10-02T13:00:24.593Z" },
    { url = "https://files.pythonhosted.org/packages/54/a3/6af8a68bdfe4d8c001a1fdb84b6fa1154d2b772dbd619050697f4cc2fe39/python_crfsuite-0.9.11-cp312-cp312-manylinux_2_17_x86_64.manylinux2014_x86_64.whl", hash = "sha256:7f498cb82686dc18f7cecaf0a7ebceb4590ee2137cfa8cfe1b75f53514d0e956", size = 1254759, upload-time = "2024-10-02T13:00:26.159Z" },
    { url = "https://files.pythonhosted.org/packages/6f/3c/75e26cfd1e2c8807aa465a7213f63e2e0c9d61af0ad0ff635bbd2f47e4aa/python_crfsuite-0.9.11-cp312-cp312-musllinux_1_2_aarch64.whl", hash = "sha256:29cdf55c54c388c62148ba310bf8ad1b93b352d62dd84856d15c421dae2e902d", size = 2131213, upload-time = "2024-10-02T13:00:27.945Z" },
    { url = "https://files.pythonhosted.org/packages/16/76/53e57efd9f3e9cbbed3615d065d5367a8c18df0217e83ca216f215aa257a/python_crfsuite-0.9.11-cp312-cp312-musllinux_1_2_i686.whl", hash = "sha256:7e6738ed044ba91d8284716f87525ca95bc857ece0b226910a80126a8ce6ad06", size = 2259424, upload-time = "2024-10-02T13:00:29.371Z" },
    { url = "https://files.pythonhosted.org/packages/a1/05/663e01d5721ea5b0dfde0483696dd28498929cd095e86e31501891de2381/python_crfsuite-0.9.11-cp312-cp312-musllinux_1_2_x86_64.whl", hash = "sha256:1a365a70e54dbd20a9251a3b6df91e1406cab1b1b5995a9d68e8c748fc9b3af7", size = 2219484, upload-time = "2024-10-02T13:00:31.033Z" },
    { url = "https://files.pythonhosted.org/packages/75/53/55c908ca49e0d3f5d0c7410f876ef4fc0b605e140492b41f8833a1befb96/python_crfsuite-0.9.11-cp312-cp312-win32.whl", hash = "sha256:4b230ab1b69c6025e4f64e72c445f7492cccf00d94fc2c0bf2f337fafc05d5d5", size = 280500, upload-time = "2024-10-02T13:00:32.765Z" },
    { url = "https://files.pythonhosted.org/packages/54/08/d060405793cab77dbd167814393c838c456f9d9281cebcc3d9f185e2c5d5/python_crfsuite-0.9.11-cp312-cp312-win_amd64.whl", hash = "sha256:c89d7ad4ca520a5f045c676865ec09a2accc25dc5dce387f2199e5b2c9d8f337", size = 301055, upload-time = "2024-10-02T13:00:33.956Z" },
    { url = "https://files.pythonhosted.org/packages/22/8d/55073b5150b3884a30fc2ec2fc01fbdaa4187bedd57b5c80002182b09ab3/python_crfsuite-0.9.11-cp313-cp313-macosx_11_0_arm64.whl", hash = "sha256:89b45426f28b39dfc4789d29bcd7398f177746e4ab27f6ae3c7b48a082ecb73b", size = 318894, upload-time = "2024-10-02T13:00:35.363Z" },
    { url = "https://files.pythonhosted.org/packages/14/5f/89cfb856b9bfc6d37723e20c439b5fff56a7a1b48de331a53d1669907b38/python_crfsuite-0.9.11-cp313-cp313-manylinux_2_12_i686.manylinux2010_i686.manylinux_2_17_i686.manylinux2014_i686.whl", hash = "sha256:788b6ca5fd43797f6822bb7aed8d5b0255d7d53be62746c77ca91dad5dfd2f2b", size = 1196963, upload-time = "2024-10-02T13:00:37.512Z" },
    { url = "https://files.pythonhosted.org/packages/72/a7/cfe27cb4539dbd0209fd23a1c3d653ba493202bb8c635045ff8f3e8ec6d5/python_crfsuite-0.9.11-cp313-cp313-manylinux_2_17_aarch64.manylinux2014_aarch64.whl", hash = "sha256:609ce1e2ea1ff36379e91a4af9f10bcaaca0b22d089ec7489181ae0d9d098419", size = 1231856, upload-time = "2024-10-02T13:00:39.312Z" },
    { url = "https://files.pythonhosted.org/packages/78/72/ec157e6a280e1662622ac8a74d891e436e765299df75b5f5cdbb48c2ca1a/python_crfsuite-0.9.11-cp313-cp313-manylinux_2_17_x86_64.manylinux2014_x86_64.whl", hash = "sha256:893af206342196e37c84af73941d7c2498e3ab926a67f846f78de6f48a7cb067", size = 1252163, upload-time = "2024-10-02T13:00:41.139Z" },
    { url = "https://files.pythonhosted.org/packages/6c/1a/1b60a013e5e24ffcd420aa7b44f2328c1f4f0d8f33606baa845ee5e1fa9c/python_crfsuite-0.9.11-cp313-cp313-musllinux_1_2_aarch64.whl", hash = "sha256:a387c4c4794ecccc712e01091b2887fc90b63dbc6612947232c2593116545e8a", size = 2130072, upload-time = "2024-10-02T13:00:42.518Z" },
    { url = "https://files.pythonhosted.org/packages/59/0a/48a93be02c2eee1f62c92ead8ca50e194c09da9e62bea6c7177ea767d36a/python_crfsuite-0.9.11-cp313-cp313-musllinux_1_2_i686.whl", hash = "sha256:00db049cc46f716cef6626fbcf5b8abc258f4740e39dcceccc706ba77200992b", size = 2259369, upload-time = "2024-10-02T13:00:43.914Z" },
    { url = "https://files.pythonhosted.org/packages/7c/88/666e5a7a46119200d079bd676001e154938be2674c54a0e0cf6cf2bfa1a3/python_crfsuite-0.9.11-cp313-cp313-musllinux_1_2_x86_64.whl", hash = "sha256:c0f95fd723e7a684188c541106f301a1d87104a07acd1e5687df849d2a86391a", size = 2218763, upload-time = "2024-10-02T13:00:45.627Z" },
    { url = "https://files.pythonhosted.org/packages/a7/1a/9c21fe8ca1cf05d2fb879c7cebc31938eb7e8734bd2cf4066d41afd08db8/python_crfsuite-0.9.11-cp313-cp313-win32.whl", hash = "sha256:5664cebdc82d20b374641f2d0e77a86e8b010fafaf8efeb8862c3fc567d41c08", size = 280175, upload-time = "2024-10-02T13:00:46.915Z" },
    { url = "https://files.pythonhosted.org/packages/5f/bd/f37bad6ec84b8e5eaa8c56965de2ae25d292b011ff6532bdfe70b7a0b6c0/python_crfsuite-0.9.11-cp313-cp313-win_amd64.whl", hash = "sha256:00123f42dca02897aaa1fc129ea99b815f800c2893ffb210d8b8f71235ffeef4", size = 300505, upload-time = "2024-10-02T13:00:48.117Z" },
    { url = "https://files.pythonhosted.org/packages/82/b6/334d7f67e5775d6fadf29240c83fb7aedd8d45138140adf749ca094762ac/python_crfsuite-0.9.11-cp39-cp39-macosx_11_0_arm64.whl", hash = "sha256:e0e1fad868fe15cb5bca7c0015995bd962de2f0b100e3e5b7dd3c14273fdc806", size = 319161, upload-time = "2024-10-02T13:01:02.153Z" },
    { url = "https://files.pythonhosted.org/packages/66/96/a8faa72b934c6502d29f71d4d7251fdfc387cd1a5e256650b2cbc66008f1/python_crfsuite-0.9.11-cp39-cp39-manylinux_2_12_i686.manylinux2010_i686.manylinux_2_17_i686.manylinux2014_i686.whl", hash = "sha256:bcb60d6ac04e6f7e64f02aceaea88b6ad4ffdc183c5301f7fd8b8a280c3efc8e", size = 1184056, upload-time = "2024-10-02T13:01:03.678Z" },
    { url = "https://files.pythonhosted.org/packages/64/85/2f09e1f6aed9e2f2b532e19a3de3fc81b6b9f982dc884d0c85f5b6e1c1e6/python_crfsuite-0.9.11-cp39-cp39-manylinux_2_17_aarch64.manylinux2014_aarch64.whl", hash = "sha256:27e6e9a3439c503884d6bb4311f9e7bb34cd4c5e83da28f8c8abcfa34332b2f7", size = 1216296, upload-time = "2024-10-02T13:01:05.631Z" },
    { url = "https://files.pythonhosted.org/packages/4c/0f/a6f17d8ba1fff46db69c32fdd818a87c7ec91c489d77a96b4f7b5f16b9ca/python_crfsuite-0.9.11-cp39-cp39-manylinux_2_17_x86_64.manylinux2014_x86_64.whl", hash = "sha256:3064a4902b18c8a0916e48db4f94bc323e9390b96ae41098674ceb36f107acee", size = 1232157, upload-time = "2024-10-02T13:01:07.039Z" },
    { url = "https://files.pythonhosted.org/packages/53/66/206b27db342a62d58697d63e8b8d820d1107c7c49e7c3be55191bf16ceb8/python_crfsuite-0.9.11-cp39-cp39-musllinux_1_2_aarch64.whl", hash = "sha256:cac7a8bb6f629dc42408f3df45a892010321ba539a30cecc54bdea8f05580003", size = 2102304, upload-time = "2024-10-02T13:01:08.444Z" },
    { url = "https://files.pythonhosted.org/packages/83/3e/fc4b4087b7a52402c4f5460088c0bf4ab9b6aa331f29b9ef53fe183e2aff/python_crfsuite-0.9.11-cp39-cp39-musllinux_1_2_i686.whl", hash = "sha256:796b6b84d4af5b848786f05c378a32f08ef6a5c67dd929f9845f0f7217177db8", size = 2250605, upload-time = "2024-10-02T13:01:10.337Z" },
    { url = "https://files.pythonhosted.org/packages/42/08/dad565049d00e686aa26ff372dc1a14a27ff336e24b243b3012dfc6e7714/python_crfsuite-0.9.11-cp39-cp39-musllinux_1_2_x86_64.whl", hash = "sha256:92ebc0f4291b6beae87eb6b9999c3381db5299852f7bdd88cdfca62d759630db", size = 2190582, upload-time = "2024-10-02T13:01:12.088Z" },
    { url = "https://files.pythonhosted.org/packages/5e/99/634694a4d45dcee478ab5c958492f21b298c927f0ba307b6b2b1a0978f4c/python_crfsuite-0.9.11-cp39-cp39-win32.whl", hash = "sha256:d6b4705cd7657efa8fc7742b09783537595944d18c0708e362252c2a9cd2a58d", size = 280967, upload-time = "2024-10-02T13:01:13.643Z" },
    { url = "https://files.pythonhosted.org/packages/49/31/950bd2e96df785218aa5db5870ed96b48a5d5030fdd4528de084f0361852/python_crfsuite-0.9.11-cp39-cp39-win_amd64.whl", hash = "sha256:c7aeec4be4056b0c6dd4a1357707c8d5b9c88b3f74e51d2f4d407692cad4877f", size = 301523, upload-time = "2024-10-02T13:01:14.9Z" },
]
